
Microsoft Visual Studio Solution File, Format Version 12.00
# Visual Studio Version 16
VisualStudioVersion = 16.0.30011.22
MinimumVisualStudioVersion = 10.0.40219.1
Project("{FAE04EC0-301F-11D3-BF4B-00C04F79EFBC}") = "SportsLogger", "SportsLogger.csproj", "{EDC487B0-E599-4A98-A9D4-89A6D14FCB1E}"
EndProject
Global
	GlobalSection(SolutionConfigurationPlatforms) = preSolution
		Debug|Any CPU = Debug|Any CPU
		Release|Any CPU = Release|Any CPU
	EndGlobalSection
	GlobalSection(ProjectConfigurationPlatforms) = postSolution
		{EDC487B0-E599-4A98-A9D4-89A6D14FCB1E}.Debug|Any CPU.ActiveCfg = Debug|Any CPU
		{EDC487B0-E599-4A98-A9D4-89A6D14FCB1E}.Debug|Any CPU.Build.0 = Debug|Any CPU
		{EDC487B0-E599-4A98-A9D4-89A6D14FCB1E}.Release|Any CPU.ActiveCfg = Release|Any CPU
		{EDC487B0-E599-4A98-A9D4-89A6D14FCB1E}.Release|Any CPU.Build.0 = Release|Any CPU
	EndGlobalSection
	GlobalSection(SolutionProperties) = preSolution
		HideSolutionNode = FALSE
	EndGlobalSection
	GlobalSection(ExtensibilityGlobals) = postSolution
		SolutionGuid = {9E51AFED-5497-4ECA-90FD-D3B70353D144}
	EndGlobalSection
EndGlobal
